# This file is generated by running "yarn install" inside your project.
# Manual changes might be lost - proceed with caution!

__metadata:
  version: 8
  cacheKey: 10c0

"@firanorg/bookish-broccoli@npm:^1.0.1":
  version: 1.0.1
  resolution: "@firanorg/bookish-broccoli@npm:1.0.1"
  dependencies:
    "@firanorg/scaling-goggles": "npm:^1.0.1"
  checksum: 10c0/73a73aa5fadf792e7dfc31767dbe921bfe5b61e4121c0f71277536ee8a9b6748e0131bdfcb669bb593e086a83c9e443d996884c6f09be7d96af539441f4d9ee2
  languageName: node
  linkType: hard

"@firanorg/improved-succotash@workspace:.":
  version: 0.0.0-use.local
  resolution: "@firanorg/improved-succotash@workspace:."
  dependencies:
    "@firanorg/bookish-broccoli": "npm:^1.0.1"
    "@firanorg/scaling-goggles": "npm:^1.1.5"
  languageName: unknown
  linkType: soft

"@firanorg/scaling-goggles@npm:^1.0.1":
  version: 1.0.1
  resolution: "@firanorg/scaling-goggles@npm:1.0.1"
  checksum: 10c0/4be8219e653638081e59042218bb55f7d149ba64615ebfd7bdeba96caa1f6211f93986f12f46830d8dbdea6454f36ddf99d88cb8b875bb30dbe0069c87a5f421
  languageName: node
  linkType: hard

"@firanorg/scaling-goggles@npm:^1.1.4, @firanorg/scaling-goggles@npm:^1.1.5":
  version: 1.1.5
  resolution: "@firanorg/scaling-goggles@npm:1.1.5"
  dependencies:
    "@firanorg/scaling-goggles": "npm:^1.1.4"
  checksum: 10c0/f3eec3c706ff6e001b7c9552c98803ae0402e7417becc58281129106e9a5c1d56f878a7b155cbed286ac218e0bcf7160d4742145f0a55bbf4dda467d5a8ff6d8
  languageName: node
  linkType: hard
