# This file is generated by running "yarn install" inside your project.
# Manual changes might be lost - proceed with caution!

__metadata:
  version: 8
  cacheKey: 10c0

"@firanorg/bookish-broccoli@npm:^1.0.1":
  version: 1.0.1
  resolution: "@firanorg/bookish-broccoli@npm:1.0.1"
  dependencies:
    "@firanorg/scaling-goggles": "npm:^1.0.1"
  checksum: 10c0/73a73aa5fadf792e7dfc31767dbe921bfe5b61e4121c0f71277536ee8a9b6748e0131bdfcb669bb593e086a83c9e443d996884c6f09be7d96af539441f4d9ee2
  languageName: node
  linkType: hard

"@firanorg/improved-succotash@workspace:.":
  version: 0.0.0-use.local
  resolution: "@firanorg/improved-succotash@workspace:."
  dependencies:
    "@firanorg/bookish-broccoli": "npm:^1.0.1"
    "@firanorg/scaling-goggles": "npm:^1.1.3"
  languageName: unknown
  linkType: soft

"@firanorg/scaling-goggles@npm:^1.0.1":
  version: 1.0.1
  resolution: "@firanorg/scaling-goggles@npm:1.0.1"
  checksum: 10c0/4be8219e653638081e59042218bb55f7d149ba64615ebfd7bdeba96caa1f6211f93986f12f46830d8dbdea6454f36ddf99d88cb8b875bb30dbe0069c87a5f421
  languageName: node
  linkType: hard

"@firanorg/scaling-goggles@npm:^1.0.2":
  version: 1.0.2
  resolution: "@firanorg/scaling-goggles@npm:1.0.2"
  dependencies:
    "@firanorg/scaling-goggles": "npm:^1.0.1"
  checksum: 10c0/3401ec040276b74d12384c367aac9fee78b6aa4410bee04fd524320df18979ec225d1549afff15c2bb030d3510ebbe2acb971503d34a926f47423bcec777b116
  languageName: node
  linkType: hard

"@firanorg/scaling-goggles@npm:^1.0.3":
  version: 1.0.3
  resolution: "@firanorg/scaling-goggles@npm:1.0.3"
  dependencies:
    "@firanorg/scaling-goggles": "npm:^1.0.2"
  checksum: 10c0/1ee3218e4c682098d10ff82a758b2b8428e127b72c62936b520644b74db912012c7313487539b2095de5bc663c1abe16be9235af47673078bc9c8e9f87a0053f
  languageName: node
  linkType: hard

"@firanorg/scaling-goggles@npm:^1.1.3":
  version: 1.1.3
  resolution: "@firanorg/scaling-goggles@npm:1.1.3"
  dependencies:
    "@firanorg/scaling-goggles": "npm:^1.0.3"
  checksum: 10c0/ee30b6006b3bfbc104419c2cc808fcd04b62c8486e1d89474ed28808587e032ff199f44f265fd8ed29da1ca3e145eb3869771c474f34b8cd1b52907b2b0e04d2
  languageName: node
  linkType: hard
